// !$*UTF8*$!
{
	archiveVersion = 1;
	classes = {
	};
	objectVersion = 46;
	objects = {

/* Begin PBXBuildFile section */
		26D411921A5E8C03007F2A2F /* main.m in Sources */ = {isa = PBXBuildFile; fileRef = 26D411911A5E8C03007F2A2F /* main.m */; };
		26D411951A5E8C03007F2A2F /* AppDelegate.m in Sources */ = {isa = PBXBuildFile; fileRef = 26D411941A5E8C03007F2A2F /* AppDelegate.m */; };
		26D411981A5E8C03007F2A2F /* TableDemoViewController.m in Sources */ = {isa = PBXBuildFile; fileRef = 26D411971A5E8C03007F2A2F /* TableDemoViewController.m */; };
		26D4119B1A5E8C03007F2A2F /* Main.storyboard in Resources */ = {isa = PBXBuildFile; fileRef = 26D411991A5E8C03007F2A2F /* Main.storyboard */; };
		26D4119D1A5E8C03007F2A2F /* Images.xcassets in Resources */ = {isa = PBXBuildFile; fileRef = 26D4119C1A5E8C03007F2A2F /* Images.xcassets */; };
		26D411A01A5E8C03007F2A2F /* LaunchScreen.xib in Resources */ = {isa = PBXBuildFile; fileRef = 26D4119E1A5E8C03007F2A2F /* LaunchScreen.xib */; };
		26D411AC1A5E8C03007F2A2F /* __1TableViewDemoTests.m in Sources */ = {isa = PBXBuildFile; fileRef = 26D411AB1A5E8C03007F2A2F /* __1TableViewDemoTests.m */; };
		26D411B61A5E93FE007F2A2F /* icon@2x.png in Resources */ = {isa = PBXBuildFile; fileRef = 26D411B51A5E93FE007F2A2F /* icon@2x.png */; };
/* End PBXBuildFile section */

/* Begin PBXContainerItemProxy section */
		26D411A61A5E8C03007F2A2F /* PBXContainerItemProxy */ = {
			isa = PBXContainerItemProxy;
			containerPortal = 26D411841A5E8C03007F2A2F /* Project object */;
			proxyType = 1;
			remoteGlobalIDString = 26D4118B1A5E8C03007F2A2F;
			remoteInfo = 7.1TableViewDemo;
		};
/* End PBXContainerItemProxy section */

/* Begin PBXFileReference section */
		26D4118C1A5E8C03007F2A2F /* 7.1TableViewDemo.app */ = {isa = PBXFileReference; explicitFileType = wrapper.application; includeInIndex = 0; path = 7.1TableViewDemo.app; sourceTree = BUILT_PRODUCTS_DIR; };
		26D411901A5E8C03007F2A2F /* Info.plist */ = {isa = PBXFileReference; lastKnownFileType = text.plist.xml; path = Info.plist; sourceTree = "<group>"; };
		26D411911A5E8C03007F2A2F /* main.m */ = {isa = PBXFileReference; lastKnownFileType = sourcecode.c.objc; path = main.m; sourceTree = "<group>"; };
		26D411931A5E8C03007F2A2F /* AppDelegate.h */ = {isa = PBXFileReference; lastKnownFileType = sourcecode.c.h; path = AppDelegate.h; sourceTree = "<group>"; };
		26D411941A5E8C03007F2A2F /* AppDelegate.m */ = {isa = PBXFileReference; lastKnownFileType = sourcecode.c.objc; path = AppDelegate.m; sourceTree = "<group>"; };
		26D411961A5E8C03007F2A2F /* TableDemoViewController.h */ = {isa = PBXFileReference; lastKnownFileType = sourcecode.c.h; path = TableDemoViewController.h; sourceTree = "<group>"; };
		26D411971A5E8C03007F2A2F /* TableDemoViewController.m */ = {isa = PBXFileReference; lastKnownFileType = sourcecode.c.objc; path = TableDemoViewController.m; sourceTree = "<group>"; };
		26D4119A1A5E8C03007F2A2F /* Base */ = {isa = PBXFileReference; lastKnownFileType = file.storyboard; name = Base; path = Base.lproj/Main.storyboard; sourceTree = "<group>"; };
		26D4119C1A5E8C03007F2A2F /* Images.xcassets */ = {isa = PBXFileReference; lastKnownFileType = folder.assetcatalog; path = Images.xcassets; sourceTree = "<group>"; };
		26D4119F1A5E8C03007F2A2F /* Base */ = {isa = PBXFileReference; lastKnownFileType = file.xib; name = Base; path = Base.lproj/LaunchScreen.xib; sourceTree = "<group>"; };
		26D411A51A5E8C03007F2A2F /* 7.1TableViewDemoTests.xctest */ = {isa = PBXFileReference; explicitFileType = wrapper.cfbundle; includeInIndex = 0; path = 7.1TableViewDemoTests.xctest; sourceTree = BUILT_PRODUCTS_DIR; };
		26D411AA1A5E8C03007F2A2F /* Info.plist */ = {isa = PBXFileReference; lastKnownFileType = text.plist.xml; path = Info.plist; sourceTree = "<group>"; };
		26D411AB1A5E8C03007F2A2F /* __1TableViewDemoTests.m */ = {isa = PBXFileReference; lastKnownFileType = sourcecode.c.objc; path = __1TableViewDemoTests.m; sourceTree = "<group>"; };
		26D411B51A5E93FE007F2A2F /* icon@2x.png */ = {isa = PBXFileReference; lastKnownFileType = image.png; path = "icon@2x.png"; sourceTree = "<group>"; };
/* End PBXFileReference section */

/* Begin PBXFrameworksBuildPhase section */
		26D411891A5E8C03007F2A2F /* Frameworks */ = {
			isa = PBXFrameworksBuildPhase;
			buildActionMask = 2147483647;
			files = (
			);
			runOnlyForDeploymentPostprocessing = 0;
		};
		26D411A21A5E8C03007F2A2F /* Frameworks */ = {
			isa = PBXFrameworksBuildPhase;
			buildActionMask = 2147483647;
			files = (
			);
			runOnlyForDeploymentPostprocessing = 0;
		};
/* End PBXFrameworksBuildPhase section */

/* Begin PBXGroup section */
		26D411831A5E8C03007F2A2F = {
			isa = PBXGroup;
			children = (
				26D4118E1A5E8C03007F2A2F /* 7.1TableViewDemo */,
				26D411A81A5E8C03007F2A2F /* 7.1TableViewDemoTests */,
				26D4118D1A5E8C03007F2A2F /* Products */,
			);
			sourceTree = "<group>";
		};
		26D4118D1A5E8C03007F2A2F /* Products */ = {
			isa = PBXGroup;
			children = (
				26D4118C1A5E8C03007F2A2F /* 7.1TableViewDemo.app */,
				26D411A51A5E8C03007F2A2F /* 7.1TableViewDemoTests.xctest */,
			);
			name = Products;
			sourceTree = "<group>";
		};
		26D4118E1A5E8C03007F2A2F /* 7.1TableViewDemo */ = {
			isa = PBXGroup;
			children = (
				26D411B51A5E93FE007F2A2F /* icon@2x.png */,
				26D411931A5E8C03007F2A2F /* AppDelegate.h */,
				26D411941A5E8C03007F2A2F /* AppDelegate.m */,
				26D411961A5E8C03007F2A2F /* TableDemoViewController.h */,
				26D411971A5E8C03007F2A2F /* TableDemoViewController.m */,
				26D411991A5E8C03007F2A2F /* Main.storyboard */,
				26D4119C1A5E8C03007F2A2F /* Images.xcassets */,
				26D4119E1A5E8C03007F2A2F /* LaunchScreen.xib */,
				26D4118F1A5E8C03007F2A2F /* Supporting Files */,
			);
			path = 7.1TableViewDemo;
			sourceTree = "<group>";
		};
		26D4118F1A5E8C03007F2A2F /* Supporting Files */ = {
			isa = PBXGroup;
			children = (
				26D411901A5E8C03007F2A2F /* Info.plist */,
				26D411911A5E8C03007F2A2F /* main.m */,
			);
			name = "Supporting Files";
			sourceTree = "<group>";
		};
		26D411A81A5E8C03007F2A2F /* 7.1TableViewDemoTests */ = {
			isa = PBXGroup;
			children = (
				26D411AB1A5E8C03007F2A2F /* __1TableViewDemoTests.m */,
				26D411A91A5E8C03007F2A2F /* Supporting Files */,
			);
			path = 7.1TableViewDemoTests;
			sourceTree = "<group>";
		};
		26D411A91A5E8C03007F2A2F /* Supporting Files */ = {
			isa = PBXGroup;
			children = (
				26D411AA1A5E8C03007F2A2F /* Info.plist */,
			);
			name = "Supporting Files";
			sourceTree = "<group>";
		};
/* End PBXGroup section */

/* Begin PBXNativeTarget section */
		26D4118B1A5E8C03007F2A2F /* 7.1TableViewDemo */ = {
			isa = PBXNativeTarget;
			buildConfigurationList = 26D411AF1A5E8C03007F2A2F /* Build configuration list for PBXNativeTarget "7.1TableViewDemo" */;
			buildPhases = (
				26D411881A5E8C03007F2A2F /* Sources */,
				26D411891A5E8C03007F2A2F /* Frameworks */,
				26D4118A1A5E8C03007F2A2F /* Resources */,
			);
			buildRules = (
			);
			dependencies = (
			);
			name = 7.1TableViewDemo;
			productName = 7.1TableViewDemo;
			productReference = 26D4118C1A5E8C03007F2A2F /* 7.1TableViewDemo.app */;
			productType = "com.apple.product-type.application";
		};
		26D411A41A5E8C03007F2A2F /* 7.1TableViewDemoTests */ = {
			isa = PBXNativeTarget;
			buildConfigurationList = 26D411B21A5E8C03007F2A2F /* Build configuration list for PBXNativeTarget "7.1TableViewDemoTests" */;
			buildPhases = (
				26D411A11A5E8C03007F2A2F /* Sources */,
				26D411A21A5E8C03007F2A2F /* Frameworks */,
				26D411A31A5E8C03007F2A2F /* Resources */,
			);
			buildRules = (
			);
			dependencies = (
				26D411A71A5E8C03007F2A2F /* PBXTargetDependency */,
			);
			name = 7.1TableViewDemoTests;
			productName = 7.1TableViewDemoTests;
			productReference = 26D411A51A5E8C03007F2A2F /* 7.1TableViewDemoTests.xctest */;
			productType = "com.apple.product-type.bundle.unit-test";
		};
/* End PBXNativeTarget section */

/* Begin PBXProject section */
		26D411841A5E8C03007F2A2F /* Project object */ = {
			isa = PBXProject;
			attributes = {
				LastUpgradeCheck = 0610;
				ORGANIZATIONNAME = ShayneChow;
				TargetAttributes = {
					26D4118B1A5E8C03007F2A2F = {
						CreatedOnToolsVersion = 6.1.1;
					};
					26D411A41A5E8C03007F2A2F = {
						CreatedOnToolsVersion = 6.1.1;
						TestTargetID = 26D4118B1A5E8C03007F2A2F;
					};
				};
			};
			buildConfigurationList = 26D411871A5E8C03007F2A2F /* Build configuration list for PBXProject "7.1TableViewDemo" */;
			compatibilityVersion = "Xcode 3.2";
			developmentRegion = English;
			hasScannedForEncodings = 0;
			knownRegions = (
				en,
				Base,
			);
			mainGroup = 26D411831A5E8C03007F2A2F;
			productRefGroup = 26D4118D1A5E8C03007F2A2F /* Products */;
			projectDirPath = "";
			projectRoot = "";
			targets = (
				26D4118B1A5E8C03007F2A2F /* 7.1TableViewDemo */,
				26D411A41A5E8C03007F2A2F /* 7.1TableViewDemoTests */,
			);
		};
/* End PBXProject section */

/* Begin PBXResourcesBuildPhase section */
		26D4118A1A5E8C03007F2A2F /* Resources */ = {
			isa = PBXResourcesBuildPhase;
			buildActionMask = 2147483647;
			files = (
				26D4119B1A5E8C03007F2A2F /* Main.storyboard in Resources */,
				26D411B61A5E93FE007F2A2F /* icon@2x.png in Resources */,
				26D411A01A5E8C03007F2A2F /* LaunchScreen.xib in Resources */,
				26D4119D1A5E8C03007F2A2F /* Images.xcassets in Resources */,
			);
			runOnlyForDeploymentPostprocessing = 0;
		};
		26D411A31A5E8C03007F2A2F /* Resources */ = {
			isa = PBXResourcesBuildPhase;
			buildActionMask = 2147483647;
			files = (
			);
			runOnlyForDeploymentPostprocessing = 0;
		};
/* End PBXResourcesBuildPhase section */

/* Begin PBXSourcesBuildPhase section */
		26D411881A5E8C03007F2A2F /* Sources */ = {
			isa = PBXSourcesBuildPhase;
			buildActionMask = 2147483647;
			files = (
				26D411981A5E8C03007F2A2F /* TableDemoViewController.m in Sources */,
				26D411951A5E8C03007F2A2F /* AppDelegate.m in Sources */,
				26D411921A5E8C03007F2A2F /* main.m in Sources */,
			);
			runOnlyForDeploymentPostprocessing = 0;
		};
		26D411A11A5E8C03007F2A2F /* Sources */ = {
			isa = PBXSourcesBuildPhase;
			buildActionMask = 2147483647;
			files = (
				26D411AC1A5E8C03007F2A2F /* __1TableViewDemoTests.m in Sources */,
			);
			runOnlyForDeploymentPostprocessing = 0;
		};
/* End PBXSourcesBuildPhase section */

/* Begin PBXTargetDependency section */
		26D411A71A5E8C03007F2A2F /* PBXTargetDependency */ = {
			isa = PBXTargetDependency;
			target = 26D4118B1A5E8C03007F2A2F /* 7.1TableViewDemo */;
			targetProxy = 26D411A61A5E8C03007F2A2F /* PBXContainerItemProxy */;
		};
/* End PBXTargetDependency section */

/* Begin PBXVariantGroup section */
		26D411991A5E8C03007F2A2F /* Main.storyboard */ = {
			isa = PBXVariantGroup;
			children = (
				26D4119A1A5E8C03007F2A2F /* Base */,
			);
			name = Main.storyboard;
			sourceTree = "<group>";
		};
		26D4119E1A5E8C03007F2A2F /* LaunchScreen.xib */ = {
			isa = PBXVariantGroup;
			children = (
				26D4119F1A5E8C03007F2A2F /* Base */,
			);
			name = LaunchScreen.xib;
			sourceTree = "<group>";
		};
/* End PBXVariantGroup section */

/* Begin XCBuildConfiguration section */
		26D411AD1A5E8C03007F2A2F /* Debug */ = {
			isa = XCBuildConfiguration;
			buildSettings = {
				ALWAYS_SEARCH_USER_PATHS = NO;
				CLANG_CXX_LANGUAGE_STANDARD = "gnu++0x";
				CLANG_CXX_LIBRARY = "libc++";
				CLANG_ENABLE_MODULES = YES;
				CLANG_ENABLE_OBJC_ARC = YES;
				CLANG_WARN_BOOL_CONVERSION = YES;
				CLANG_WARN_CONSTANT_CONVERSION = YES;
				CLANG_WARN_DIRECT_OBJC_ISA_USAGE = YES_ERROR;
				CLANG_WARN_EMPTY_BODY = YES;
				CLANG_WARN_ENUM_CONVERSION = YES;
				CLANG_WARN_INT_CONVERSION = YES;
				CLANG_WARN_OBJC_ROOT_CLASS = YES_ERROR;
				CLANG_WARN_UNREACHABLE_CODE = YES;
				CLANG_WARN__DUPLICATE_METHOD_MATCH = YES;
				"CODE_SIGN_IDENTITY[sdk=iphoneos*]" = "iPhone Developer";
				COPY_PHASE_STRIP = NO;
				ENABLE_STRICT_OBJC_MSGSEND = YES;
				GCC_C_LANGUAGE_STANDARD = gnu99;
				GCC_DYNAMIC_NO_PIC = NO;
				GCC_OPTIMIZATION_LEVEL = 0;
				GCC_PREPROCESSOR_DEFINITIONS = (
					"DEBUG=1",
					"$(inherited)",
				);
				GCC_SYMBOLS_PRIVATE_EXTERN = NO;
				GCC_WARN_64_TO_32_BIT_CONVERSION = YES;
				GCC_WARN_ABOUT_RETURN_TYPE = YES_ERROR;
				GCC_WARN_UNDECLARED_SELECTOR = YES;
				GCC_WARN_UNINITIALIZED_AUTOS = YES_AGGRESSIVE;
				GCC_WARN_UNUSED_FUNCTION = YES;
				GCC_WARN_UNUSED_VARIABLE = YES;
				IPHONEOS_DEPLOYMENT_TARGET = 8.1;
				MTL_ENABLE_DEBUG_INFO = YES;
				ONLY_ACTIVE_ARCH = YES;
				SDKROOT = iphoneos;
			};
			name = Debug;
		};
		26D411AE1A5E8C03007F2A2F /* Release */ = {
			isa = XCBuildConfiguration;
			buildSettings = {
				ALWAYS_SEARCH_USER_PATHS = NO;
				CLANG_CXX_LANGUAGE_STANDARD = "gnu++0x";
				CLANG_CXX_LIBRARY = "libc++";
				CLANG_ENABLE_MODULES = YES;
				CLANG_ENABLE_OBJC_ARC = YES;
				CLANG_WARN_BOOL_CONVERSION = YES;
				CLANG_WARN_CONSTANT_CONVERSION = YES;
				CLANG_WARN_DIRECT_OBJC_ISA_USAGE = YES_ERROR;
				CLANG_WARN_EMPTY_BODY = YES;
				CLANG_WARN_ENUM_CONVERSION = YES;
				CLANG_WARN_INT_CONVERSION = YES;
				CLANG_WARN_OBJC_ROOT_CLASS = YES_ERROR;
				CLANG_WARN_UNREACHABLE_CODE = YES;
				CLANG_WARN__DUPLICATE_METHOD_MATCH = YES;
				"CODE_SIGN_IDENTITY[sdk=iphoneos*]" = "iPhone Developer";
				COPY_PHASE_STRIP = YES;
				ENABLE_NS_ASSERTIONS = NO;
				ENABLE_STRICT_OBJC_MSGSEND = YES;
				GCC_C_LANGUAGE_STANDARD = gnu99;
				GCC_WARN_64_TO_32_BIT_CONVERSION = YES;
				GCC_WARN_ABOUT_RETURN_TYPE = YES_ERROR;
				GCC_WARN_UNDECLARED_SELECTOR = YES;
				GCC_WARN_UNINITIALIZED_AUTOS = YES_AGGRESSIVE;
				GCC_WARN_UNUSED_FUNCTION = YES;
				GCC_WARN_UNUSED_VARIABLE = YES;
				IPHONEOS_DEPLOYMENT_TARGET = 8.1;
				MTL_ENABLE_DEBUG_INFO = NO;
				SDKROOT = iphoneos;
				VALIDATE_PRODUCT = YES;
			};
			name = Release;
		};
		26D411B01A5E8C03007F2A2F /* Debug */ = {
			isa = XCBuildConfiguration;
			buildSettings = {
				ASSETCATALOG_COMPILER_APPICON_NAME = AppIcon;
				INFOPLIST_FILE = 7.1TableViewDemo/Info.plist;
				IPHONEOS_DEPLOYMENT_TARGET = 7.1;
				LD_RUNPATH_SEARCH_PATHS = "$(inherited) @executable_path/Frameworks";
				PRODUCT_NAME = "$(TARGET_NAME)";
			};
			name = Debug;
		};
		26D411B11A5E8C03007F2A2F /* Release */ = {
			isa = XCBuildConfiguration;
			buildSettings = {
				ASSETCATALOG_COMPILER_APPICON_NAME = AppIcon;
				INFOPLIST_FILE = 7.1TableViewDemo/Info.plist;
				IPHONEOS_DEPLOYMENT_TARGET = 7.1;
				LD_RUNPATH_SEARCH_PATHS = "$(inherited) @executable_path/Frameworks";
				PRODUCT_NAME = "$(TARGET_NAME)";
			};
			name = Release;
		};
		26D411B31A5E8C03007F2A2F /* Debug */ = {
			isa = XCBuildConfiguration;
			buildSettings = {
				BUNDLE_LOADER = "$(TEST_HOST)";
				FRAMEWORK_SEARCH_PATHS = (
					"$(SDKROOT)/Developer/Library/Frameworks",
					"$(inherited)",
				);
				GCC_PREPROCESSOR_DEFINITIONS = (
					"DEBUG=1",
					"$(inherited)",
				);
				INFOPLIST_FILE = 7.1TableViewDemoTests/Info.plist;
				LD_RUNPATH_SEARCH_PATHS = "$(inherited) @executable_path/Frameworks @loader_path/Frameworks";
				PRODUCT_NAME = "$(TARGET_NAME)";
				TEST_HOST = "$(BUILT_PRODUCTS_DIR)/7.1TableViewDemo.app/7.1TableViewDemo";
			};
			name = Debug;
		};
		26D411B41A5E8C03007F2A2F /* Release */ = {
			isa = XCBuildConfiguration;
			buildSettings = {
				BUNDLE_LOADER = "$(TEST_HOST)";
				FRAMEWORK_SEARCH_PATHS = (
					"$(SDKROOT)/Developer/Library/Frameworks",
					"$(inherited)",
				);
				INFOPLIST_FILE = 7.1TableViewDemoTests/Info.plist;
				LD_RUNPATH_SEARCH_PATHS = "$(inherited) @executable_path/Frameworks @loader_path/Frameworks";
				PRODUCT_NAME = "$(TARGET_NAME)";
				TEST_HOST = "$(BUILT_PRODUCTS_DIR)/7.1TableViewDemo.app/7.1TableViewDemo";
			};
			name = Release;
		};
/* End XCBuildConfiguration section */

/* Begin XCConfigurationList section */
		26D411871A5E8C03007F2A2F /* Build configuration list for PBXProject "7.1TableViewDemo" */ = {
			isa = XCConfigurationList;
			buildConfigurations = (
				26D411AD1A5E8C03007F2A2F /* Debug */,
				26D411AE1A5E8C03007F2A2F /* Release */,
			);
			defaultConfigurationIsVisible = 0;
			defaultConfigurationName = Release;
		};
		26D411AF1A5E8C03007F2A2F /* Build configuration list for PBXNativeTarget "7.1TableViewDemo" */ = {
			isa = XCConfigurationList;
			buildConfigurations = (
				26D411B01A5E8C03007F2A2F /* Debug */,
				26D411B11A5E8C03007F2A2F /* Release */,
			);
			defaultConfigurationIsVisible = 0;
		};
		26D411B21A5E8C03007F2A2F /* Build configuration list for PBXNativeTarget "7.1TableViewDemoTests" */ = {
			isa = XCConfigurationList;
			buildConfigurations = (
				26D411B31A5E8C03007F2A2F /* Debug */,
				26D411B41A5E8C03007F2A2F /* Release */,
			);
			defaultConfigurationIsVisible = 0;
		};
/* End XCConfigurationList section */
	};
	rootObject = 26D411841A5E8C03007F2A2F /* Project object */;
}
