// !$*UTF8*$!
{
	archiveVersion = 1;
	classes = {
	};
	objectVersion = 46;
	objects = {

/* Begin PBXBuildFile section */
		26021ED21A80CED60096E302 /* main.m in Sources */ = {isa = PBXBuildFile; fileRef = 26021ED11A80CED60096E302 /* main.m */; };
		26021ED51A80CED60096E302 /* AppDelegate.m in Sources */ = {isa = PBXBuildFile; fileRef = 26021ED41A80CED60096E302 /* AppDelegate.m */; };
		26021EDB1A80CED60096E302 /* Main.storyboard in Resources */ = {isa = PBXBuildFile; fileRef = 26021ED91A80CED60096E302 /* Main.storyboard */; };
		26021EE01A80CED60096E302 /* LaunchScreen.xib in Resources */ = {isa = PBXBuildFile; fileRef = 26021EDE1A80CED60096E302 /* LaunchScreen.xib */; };
		26021EEC1A80CED60096E302 /* ParallaxControllerDemoTests.m in Sources */ = {isa = PBXBuildFile; fileRef = 26021EEB1A80CED60096E302 /* ParallaxControllerDemoTests.m */; };
		26021EFB1A80D6E40096E302 /* M6HeaderInsetTableView.m in Sources */ = {isa = PBXBuildFile; fileRef = 26021EF71A80D6E40096E302 /* M6HeaderInsetTableView.m */; };
		26021EFC1A80D6E40096E302 /* M6UniversalParallaxViewController.m in Sources */ = {isa = PBXBuildFile; fileRef = 26021EF91A80D6E40096E302 /* M6UniversalParallaxViewController.m */; };
		26021EFD1A80D6E40096E302 /* M6UniversalParallaxViewController.xib in Resources */ = {isa = PBXBuildFile; fileRef = 26021EFA1A80D6E40096E302 /* M6UniversalParallaxViewController.xib */; };
		26021F011A80D9080096E302 /* UIImage+ImageEffects.m in Sources */ = {isa = PBXBuildFile; fileRef = 26021F001A80D9080096E302 /* UIImage+ImageEffects.m */; };
		26021F051A80DBA10096E302 /* Images.xcassets in Resources */ = {isa = PBXBuildFile; fileRef = 26021F041A80DBA10096E302 /* Images.xcassets */; };
		26021F0A1A80E3CC0096E302 /* HomeViewController.m in Sources */ = {isa = PBXBuildFile; fileRef = 26021F081A80E3CC0096E302 /* HomeViewController.m */; };
		26021F0B1A80E3CC0096E302 /* HomeViewController.xib in Resources */ = {isa = PBXBuildFile; fileRef = 26021F091A80E3CC0096E302 /* HomeViewController.xib */; };
/* End PBXBuildFile section */

/* Begin PBXContainerItemProxy section */
		26021EE61A80CED60096E302 /* PBXContainerItemProxy */ = {
			isa = PBXContainerItemProxy;
			containerPortal = 26021EC41A80CED60096E302 /* Project object */;
			proxyType = 1;
			remoteGlobalIDString = 26021ECB1A80CED60096E302;
			remoteInfo = ParallaxControllerDemo;
		};
/* End PBXContainerItemProxy section */

/* Begin PBXFileReference section */
		26021ECC1A80CED60096E302 /* ParallaxControllerDemo.app */ = {isa = PBXFileReference; explicitFileType = wrapper.application; includeInIndex = 0; path = ParallaxControllerDemo.app; sourceTree = BUILT_PRODUCTS_DIR; };
		26021ED01A80CED60096E302 /* Info.plist */ = {isa = PBXFileReference; lastKnownFileType = text.plist.xml; path = Info.plist; sourceTree = "<group>"; };
		26021ED11A80CED60096E302 /* main.m */ = {isa = PBXFileReference; lastKnownFileType = sourcecode.c.objc; path = main.m; sourceTree = "<group>"; };
		26021ED31A80CED60096E302 /* AppDelegate.h */ = {isa = PBXFileReference; lastKnownFileType = sourcecode.c.h; path = AppDelegate.h; sourceTree = "<group>"; };
		26021ED41A80CED60096E302 /* AppDelegate.m */ = {isa = PBXFileReference; lastKnownFileType = sourcecode.c.objc; path = AppDelegate.m; sourceTree = "<group>"; };
		26021EDA1A80CED60096E302 /* Base */ = {isa = PBXFileReference; lastKnownFileType = file.storyboard; name = Base; path = Base.lproj/Main.storyboard; sourceTree = "<group>"; };
		26021EDF1A80CED60096E302 /* Base */ = {isa = PBXFileReference; lastKnownFileType = file.xib; name = Base; path = Base.lproj/LaunchScreen.xib; sourceTree = "<group>"; };
		26021EE51A80CED60096E302 /* ParallaxControllerDemoTests.xctest */ = {isa = PBXFileReference; explicitFileType = wrapper.cfbundle; includeInIndex = 0; path = ParallaxControllerDemoTests.xctest; sourceTree = BUILT_PRODUCTS_DIR; };
		26021EEA1A80CED60096E302 /* Info.plist */ = {isa = PBXFileReference; lastKnownFileType = text.plist.xml; path = Info.plist; sourceTree = "<group>"; };
		26021EEB1A80CED60096E302 /* ParallaxControllerDemoTests.m */ = {isa = PBXFileReference; lastKnownFileType = sourcecode.c.objc; path = ParallaxControllerDemoTests.m; sourceTree = "<group>"; };
		26021EF61A80D6E40096E302 /* M6HeaderInsetTableView.h */ = {isa = PBXFileReference; fileEncoding = 4; lastKnownFileType = sourcecode.c.h; path = M6HeaderInsetTableView.h; sourceTree = "<group>"; };
		26021EF71A80D6E40096E302 /* M6HeaderInsetTableView.m */ = {isa = PBXFileReference; fileEncoding = 4; lastKnownFileType = sourcecode.c.objc; path = M6HeaderInsetTableView.m; sourceTree = "<group>"; };
		26021EF81A80D6E40096E302 /* M6UniversalParallaxViewController.h */ = {isa = PBXFileReference; fileEncoding = 4; lastKnownFileType = sourcecode.c.h; path = M6UniversalParallaxViewController.h; sourceTree = "<group>"; };
		26021EF91A80D6E40096E302 /* M6UniversalParallaxViewController.m */ = {isa = PBXFileReference; fileEncoding = 4; lastKnownFileType = sourcecode.c.objc; path = M6UniversalParallaxViewController.m; sourceTree = "<group>"; };
		26021EFA1A80D6E40096E302 /* M6UniversalParallaxViewController.xib */ = {isa = PBXFileReference; fileEncoding = 4; lastKnownFileType = file.xib; path = M6UniversalParallaxViewController.xib; sourceTree = "<group>"; };
		26021EFF1A80D9080096E302 /* UIImage+ImageEffects.h */ = {isa = PBXFileReference; fileEncoding = 4; lastKnownFileType = sourcecode.c.h; path = "UIImage+ImageEffects.h"; sourceTree = "<group>"; };
		26021F001A80D9080096E302 /* UIImage+ImageEffects.m */ = {isa = PBXFileReference; fileEncoding = 4; lastKnownFileType = sourcecode.c.objc; path = "UIImage+ImageEffects.m"; sourceTree = "<group>"; };
		26021F041A80DBA10096E302 /* Images.xcassets */ = {isa = PBXFileReference; lastKnownFileType = folder.assetcatalog; path = Images.xcassets; sourceTree = "<group>"; };
		26021F071A80E3CC0096E302 /* HomeViewController.h */ = {isa = PBXFileReference; fileEncoding = 4; lastKnownFileType = sourcecode.c.h; path = HomeViewController.h; sourceTree = "<group>"; };
		26021F081A80E3CC0096E302 /* HomeViewController.m */ = {isa = PBXFileReference; fileEncoding = 4; lastKnownFileType = sourcecode.c.objc; path = HomeViewController.m; sourceTree = "<group>"; };
		26021F091A80E3CC0096E302 /* HomeViewController.xib */ = {isa = PBXFileReference; fileEncoding = 4; lastKnownFileType = file.xib; path = HomeViewController.xib; sourceTree = "<group>"; };
/* End PBXFileReference section */

/* Begin PBXFrameworksBuildPhase section */
		26021EC91A80CED60096E302 /* Frameworks */ = {
			isa = PBXFrameworksBuildPhase;
			buildActionMask = 2147483647;
			files = (
			);
			runOnlyForDeploymentPostprocessing = 0;
		};
		26021EE21A80CED60096E302 /* Frameworks */ = {
			isa = PBXFrameworksBuildPhase;
			buildActionMask = 2147483647;
			files = (
			);
			runOnlyForDeploymentPostprocessing = 0;
		};
/* End PBXFrameworksBuildPhase section */

/* Begin PBXGroup section */
		26021EC31A80CED60096E302 = {
			isa = PBXGroup;
			children = (
				26021ECE1A80CED60096E302 /* ParallaxControllerDemo */,
				26021EE81A80CED60096E302 /* ParallaxControllerDemoTests */,
				26021ECD1A80CED60096E302 /* Products */,
			);
			sourceTree = "<group>";
		};
		26021ECD1A80CED60096E302 /* Products */ = {
			isa = PBXGroup;
			children = (
				26021ECC1A80CED60096E302 /* ParallaxControllerDemo.app */,
				26021EE51A80CED60096E302 /* ParallaxControllerDemoTests.xctest */,
			);
			name = Products;
			sourceTree = "<group>";
		};
		26021ECE1A80CED60096E302 /* ParallaxControllerDemo */ = {
			isa = PBXGroup;
			children = (
				26021EF51A80D6E40096E302 /* M6UniversalParallaxViewController */,
				26021ED31A80CED60096E302 /* AppDelegate.h */,
				26021ED41A80CED60096E302 /* AppDelegate.m */,
				26021F061A80E3950096E302 /* Home */,
				26021F041A80DBA10096E302 /* Images.xcassets */,
				26021ED91A80CED60096E302 /* Main.storyboard */,
				26021EDE1A80CED60096E302 /* LaunchScreen.xib */,
				26021ECF1A80CED60096E302 /* Supporting Files */,
			);
			path = ParallaxControllerDemo;
			sourceTree = "<group>";
		};
		26021ECF1A80CED60096E302 /* Supporting Files */ = {
			isa = PBXGroup;
			children = (
				26021ED01A80CED60096E302 /* Info.plist */,
				26021ED11A80CED60096E302 /* main.m */,
			);
			name = "Supporting Files";
			sourceTree = "<group>";
		};
		26021EE81A80CED60096E302 /* ParallaxControllerDemoTests */ = {
			isa = PBXGroup;
			children = (
				26021EEB1A80CED60096E302 /* ParallaxControllerDemoTests.m */,
				26021EE91A80CED60096E302 /* Supporting Files */,
			);
			path = ParallaxControllerDemoTests;
			sourceTree = "<group>";
		};
		26021EE91A80CED60096E302 /* Supporting Files */ = {
			isa = PBXGroup;
			children = (
				26021EEA1A80CED60096E302 /* Info.plist */,
			);
			name = "Supporting Files";
			sourceTree = "<group>";
		};
		26021EF51A80D6E40096E302 /* M6UniversalParallaxViewController */ = {
			isa = PBXGroup;
			children = (
				26021EF61A80D6E40096E302 /* M6HeaderInsetTableView.h */,
				26021EF71A80D6E40096E302 /* M6HeaderInsetTableView.m */,
				26021EF81A80D6E40096E302 /* M6UniversalParallaxViewController.h */,
				26021EF91A80D6E40096E302 /* M6UniversalParallaxViewController.m */,
				26021EFA1A80D6E40096E302 /* M6UniversalParallaxViewController.xib */,
			);
			path = M6UniversalParallaxViewController;
			sourceTree = "<group>";
		};
		26021EFE1A80D9080096E302 /* ImageEffects */ = {
			isa = PBXGroup;
			children = (
				26021EFF1A80D9080096E302 /* UIImage+ImageEffects.h */,
				26021F001A80D9080096E302 /* UIImage+ImageEffects.m */,
			);
			path = ImageEffects;
			sourceTree = "<group>";
		};
		26021F061A80E3950096E302 /* Home */ = {
			isa = PBXGroup;
			children = (
				26021EFE1A80D9080096E302 /* ImageEffects */,
				26021F071A80E3CC0096E302 /* HomeViewController.h */,
				26021F081A80E3CC0096E302 /* HomeViewController.m */,
				26021F091A80E3CC0096E302 /* HomeViewController.xib */,
			);
			name = Home;
			sourceTree = "<group>";
		};
/* End PBXGroup section */

/* Begin PBXNativeTarget section */
		26021ECB1A80CED60096E302 /* ParallaxControllerDemo */ = {
			isa = PBXNativeTarget;
			buildConfigurationList = 26021EEF1A80CED60096E302 /* Build configuration list for PBXNativeTarget "ParallaxControllerDemo" */;
			buildPhases = (
				26021EC81A80CED60096E302 /* Sources */,
				26021EC91A80CED60096E302 /* Frameworks */,
				26021ECA1A80CED60096E302 /* Resources */,
			);
			buildRules = (
			);
			dependencies = (
			);
			name = ParallaxControllerDemo;
			productName = ParallaxControllerDemo;
			productReference = 26021ECC1A80CED60096E302 /* ParallaxControllerDemo.app */;
			productType = "com.apple.product-type.application";
		};
		26021EE41A80CED60096E302 /* ParallaxControllerDemoTests */ = {
			isa = PBXNativeTarget;
			buildConfigurationList = 26021EF21A80CED60096E302 /* Build configuration list for PBXNativeTarget "ParallaxControllerDemoTests" */;
			buildPhases = (
				26021EE11A80CED60096E302 /* Sources */,
				26021EE21A80CED60096E302 /* Frameworks */,
				26021EE31A80CED60096E302 /* Resources */,
			);
			buildRules = (
			);
			dependencies = (
				26021EE71A80CED60096E302 /* PBXTargetDependency */,
			);
			name = ParallaxControllerDemoTests;
			productName = ParallaxControllerDemoTests;
			productReference = 26021EE51A80CED60096E302 /* ParallaxControllerDemoTests.xctest */;
			productType = "com.apple.product-type.bundle.unit-test";
		};
/* End PBXNativeTarget section */

/* Begin PBXProject section */
		26021EC41A80CED60096E302 /* Project object */ = {
			isa = PBXProject;
			attributes = {
				LastUpgradeCheck = 0610;
				ORGANIZATIONNAME = ShayneChow;
				TargetAttributes = {
					26021ECB1A80CED60096E302 = {
						CreatedOnToolsVersion = 6.1.1;
					};
					26021EE41A80CED60096E302 = {
						CreatedOnToolsVersion = 6.1.1;
						TestTargetID = 26021ECB1A80CED60096E302;
					};
				};
			};
			buildConfigurationList = 26021EC71A80CED60096E302 /* Build configuration list for PBXProject "ParallaxControllerDemo" */;
			compatibilityVersion = "Xcode 3.2";
			developmentRegion = English;
			hasScannedForEncodings = 0;
			knownRegions = (
				en,
				Base,
			);
			mainGroup = 26021EC31A80CED60096E302;
			productRefGroup = 26021ECD1A80CED60096E302 /* Products */;
			projectDirPath = "";
			projectRoot = "";
			targets = (
				26021ECB1A80CED60096E302 /* ParallaxControllerDemo */,
				26021EE41A80CED60096E302 /* ParallaxControllerDemoTests */,
			);
		};
/* End PBXProject section */

/* Begin PBXResourcesBuildPhase section */
		26021ECA1A80CED60096E302 /* Resources */ = {
			isa = PBXResourcesBuildPhase;
			buildActionMask = 2147483647;
			files = (
				26021EDB1A80CED60096E302 /* Main.storyboard in Resources */,
				26021F0B1A80E3CC0096E302 /* HomeViewController.xib in Resources */,
				26021F051A80DBA10096E302 /* Images.xcassets in Resources */,
				26021EE01A80CED60096E302 /* LaunchScreen.xib in Resources */,
				26021EFD1A80D6E40096E302 /* M6UniversalParallaxViewController.xib in Resources */,
			);
			runOnlyForDeploymentPostprocessing = 0;
		};
		26021EE31A80CED60096E302 /* Resources */ = {
			isa = PBXResourcesBuildPhase;
			buildActionMask = 2147483647;
			files = (
			);
			runOnlyForDeploymentPostprocessing = 0;
		};
/* End PBXResourcesBuildPhase section */

/* Begin PBXSourcesBuildPhase section */
		26021EC81A80CED60096E302 /* Sources */ = {
			isa = PBXSourcesBuildPhase;
			buildActionMask = 2147483647;
			files = (
				26021F0A1A80E3CC0096E302 /* HomeViewController.m in Sources */,
				26021EFB1A80D6E40096E302 /* M6HeaderInsetTableView.m in Sources */,
				26021F011A80D9080096E302 /* UIImage+ImageEffects.m in Sources */,
				26021ED51A80CED60096E302 /* AppDelegate.m in Sources */,
				26021ED21A80CED60096E302 /* main.m in Sources */,
				26021EFC1A80D6E40096E302 /* M6UniversalParallaxViewController.m in Sources */,
			);
			runOnlyForDeploymentPostprocessing = 0;
		};
		26021EE11A80CED60096E302 /* Sources */ = {
			isa = PBXSourcesBuildPhase;
			buildActionMask = 2147483647;
			files = (
				26021EEC1A80CED60096E302 /* ParallaxControllerDemoTests.m in Sources */,
			);
			runOnlyForDeploymentPostprocessing = 0;
		};
/* End PBXSourcesBuildPhase section */

/* Begin PBXTargetDependency section */
		26021EE71A80CED60096E302 /* PBXTargetDependency */ = {
			isa = PBXTargetDependency;
			target = 26021ECB1A80CED60096E302 /* ParallaxControllerDemo */;
			targetProxy = 26021EE61A80CED60096E302 /* PBXContainerItemProxy */;
		};
/* End PBXTargetDependency section */

/* Begin PBXVariantGroup section */
		26021ED91A80CED60096E302 /* Main.storyboard */ = {
			isa = PBXVariantGroup;
			children = (
				26021EDA1A80CED60096E302 /* Base */,
			);
			name = Main.storyboard;
			sourceTree = "<group>";
		};
		26021EDE1A80CED60096E302 /* LaunchScreen.xib */ = {
			isa = PBXVariantGroup;
			children = (
				26021EDF1A80CED60096E302 /* Base */,
			);
			name = LaunchScreen.xib;
			sourceTree = "<group>";
		};
/* End PBXVariantGroup section */

/* Begin XCBuildConfiguration section */
		26021EED1A80CED60096E302 /* Debug */ = {
			isa = XCBuildConfiguration;
			buildSettings = {
				ALWAYS_SEARCH_USER_PATHS = NO;
				CLANG_CXX_LANGUAGE_STANDARD = "gnu++0x";
				CLANG_CXX_LIBRARY = "libc++";
				CLANG_ENABLE_MODULES = YES;
				CLANG_ENABLE_OBJC_ARC = YES;
				CLANG_WARN_BOOL_CONVERSION = YES;
				CLANG_WARN_CONSTANT_CONVERSION = YES;
				CLANG_WARN_DIRECT_OBJC_ISA_USAGE = YES_ERROR;
				CLANG_WARN_EMPTY_BODY = YES;
				CLANG_WARN_ENUM_CONVERSION = YES;
				CLANG_WARN_INT_CONVERSION = YES;
				CLANG_WARN_OBJC_ROOT_CLASS = YES_ERROR;
				CLANG_WARN_UNREACHABLE_CODE = YES;
				CLANG_WARN__DUPLICATE_METHOD_MATCH = YES;
				"CODE_SIGN_IDENTITY[sdk=iphoneos*]" = "iPhone Developer";
				COPY_PHASE_STRIP = NO;
				ENABLE_STRICT_OBJC_MSGSEND = YES;
				GCC_C_LANGUAGE_STANDARD = gnu99;
				GCC_DYNAMIC_NO_PIC = NO;
				GCC_OPTIMIZATION_LEVEL = 0;
				GCC_PREPROCESSOR_DEFINITIONS = (
					"DEBUG=1",
					"$(inherited)",
				);
				GCC_SYMBOLS_PRIVATE_EXTERN = NO;
				GCC_WARN_64_TO_32_BIT_CONVERSION = YES;
				GCC_WARN_ABOUT_RETURN_TYPE = YES_ERROR;
				GCC_WARN_UNDECLARED_SELECTOR = YES;
				GCC_WARN_UNINITIALIZED_AUTOS = YES_AGGRESSIVE;
				GCC_WARN_UNUSED_FUNCTION = YES;
				GCC_WARN_UNUSED_VARIABLE = YES;
				IPHONEOS_DEPLOYMENT_TARGET = 8.1;
				MTL_ENABLE_DEBUG_INFO = YES;
				ONLY_ACTIVE_ARCH = YES;
				SDKROOT = iphoneos;
			};
			name = Debug;
		};
		26021EEE1A80CED60096E302 /* Release */ = {
			isa = XCBuildConfiguration;
			buildSettings = {
				ALWAYS_SEARCH_USER_PATHS = NO;
				CLANG_CXX_LANGUAGE_STANDARD = "gnu++0x";
				CLANG_CXX_LIBRARY = "libc++";
				CLANG_ENABLE_MODULES = YES;
				CLANG_ENABLE_OBJC_ARC = YES;
				CLANG_WARN_BOOL_CONVERSION = YES;
				CLANG_WARN_CONSTANT_CONVERSION = YES;
				CLANG_WARN_DIRECT_OBJC_ISA_USAGE = YES_ERROR;
				CLANG_WARN_EMPTY_BODY = YES;
				CLANG_WARN_ENUM_CONVERSION = YES;
				CLANG_WARN_INT_CONVERSION = YES;
				CLANG_WARN_OBJC_ROOT_CLASS = YES_ERROR;
				CLANG_WARN_UNREACHABLE_CODE = YES;
				CLANG_WARN__DUPLICATE_METHOD_MATCH = YES;
				"CODE_SIGN_IDENTITY[sdk=iphoneos*]" = "iPhone Developer";
				COPY_PHASE_STRIP = YES;
				ENABLE_NS_ASSERTIONS = NO;
				ENABLE_STRICT_OBJC_MSGSEND = YES;
				GCC_C_LANGUAGE_STANDARD = gnu99;
				GCC_WARN_64_TO_32_BIT_CONVERSION = YES;
				GCC_WARN_ABOUT_RETURN_TYPE = YES_ERROR;
				GCC_WARN_UNDECLARED_SELECTOR = YES;
				GCC_WARN_UNINITIALIZED_AUTOS = YES_AGGRESSIVE;
				GCC_WARN_UNUSED_FUNCTION = YES;
				GCC_WARN_UNUSED_VARIABLE = YES;
				IPHONEOS_DEPLOYMENT_TARGET = 8.1;
				MTL_ENABLE_DEBUG_INFO = NO;
				SDKROOT = iphoneos;
				VALIDATE_PRODUCT = YES;
			};
			name = Release;
		};
		26021EF01A80CED60096E302 /* Debug */ = {
			isa = XCBuildConfiguration;
			buildSettings = {
				ASSETCATALOG_COMPILER_APPICON_NAME = AppIcon;
				INFOPLIST_FILE = ParallaxControllerDemo/Info.plist;
				LD_RUNPATH_SEARCH_PATHS = "$(inherited) @executable_path/Frameworks";
				PRODUCT_NAME = "$(TARGET_NAME)";
			};
			name = Debug;
		};
		26021EF11A80CED60096E302 /* Release */ = {
			isa = XCBuildConfiguration;
			buildSettings = {
				ASSETCATALOG_COMPILER_APPICON_NAME = AppIcon;
				INFOPLIST_FILE = ParallaxControllerDemo/Info.plist;
				LD_RUNPATH_SEARCH_PATHS = "$(inherited) @executable_path/Frameworks";
				PRODUCT_NAME = "$(TARGET_NAME)";
			};
			name = Release;
		};
		26021EF31A80CED60096E302 /* Debug */ = {
			isa = XCBuildConfiguration;
			buildSettings = {
				BUNDLE_LOADER = "$(TEST_HOST)";
				FRAMEWORK_SEARCH_PATHS = (
					"$(SDKROOT)/Developer/Library/Frameworks",
					"$(inherited)",
				);
				GCC_PREPROCESSOR_DEFINITIONS = (
					"DEBUG=1",
					"$(inherited)",
				);
				INFOPLIST_FILE = ParallaxControllerDemoTests/Info.plist;
				LD_RUNPATH_SEARCH_PATHS = "$(inherited) @executable_path/Frameworks @loader_path/Frameworks";
				PRODUCT_NAME = "$(TARGET_NAME)";
				TEST_HOST = "$(BUILT_PRODUCTS_DIR)/ParallaxControllerDemo.app/ParallaxControllerDemo";
			};
			name = Debug;
		};
		26021EF41A80CED60096E302 /* Release */ = {
			isa = XCBuildConfiguration;
			buildSettings = {
				BUNDLE_LOADER = "$(TEST_HOST)";
				FRAMEWORK_SEARCH_PATHS = (
					"$(SDKROOT)/Developer/Library/Frameworks",
					"$(inherited)",
				);
				INFOPLIST_FILE = ParallaxControllerDemoTests/Info.plist;
				LD_RUNPATH_SEARCH_PATHS = "$(inherited) @executable_path/Frameworks @loader_path/Frameworks";
				PRODUCT_NAME = "$(TARGET_NAME)";
				TEST_HOST = "$(BUILT_PRODUCTS_DIR)/ParallaxControllerDemo.app/ParallaxControllerDemo";
			};
			name = Release;
		};
/* End XCBuildConfiguration section */

/* Begin XCConfigurationList section */
		26021EC71A80CED60096E302 /* Build configuration list for PBXProject "ParallaxControllerDemo" */ = {
			isa = XCConfigurationList;
			buildConfigurations = (
				26021EED1A80CED60096E302 /* Debug */,
				26021EEE1A80CED60096E302 /* Release */,
			);
			defaultConfigurationIsVisible = 0;
			defaultConfigurationName = Release;
		};
		26021EEF1A80CED60096E302 /* Build configuration list for PBXNativeTarget "ParallaxControllerDemo" */ = {
			isa = XCConfigurationList;
			buildConfigurations = (
				26021EF01A80CED60096E302 /* Debug */,
				26021EF11A80CED60096E302 /* Release */,
			);
			defaultConfigurationIsVisible = 0;
		};
		26021EF21A80CED60096E302 /* Build configuration list for PBXNativeTarget "ParallaxControllerDemoTests" */ = {
			isa = XCConfigurationList;
			buildConfigurations = (
				26021EF31A80CED60096E302 /* Debug */,
				26021EF41A80CED60096E302 /* Release */,
			);
			defaultConfigurationIsVisible = 0;
		};
/* End XCConfigurationList section */
	};
	rootObject = 26021EC41A80CED60096E302 /* Project object */;
}
