// !$*UTF8*$!
{
	archiveVersion = 1;
	classes = {
	};
	objectVersion = 46;
	objects = {

/* Begin PBXBuildFile section */
		263718BF1A1AE3F90097D5BE /* bathdayViewController.m in Sources */ = {isa = PBXBuildFile; fileRef = 263718BE1A1AE3F90097D5BE /* bathdayViewController.m */; };
		26FF61FD1A19CC6900168CD1 /* main.m in Sources */ = {isa = PBXBuildFile; fileRef = 26FF61FC1A19CC6900168CD1 /* main.m */; };
		26FF62001A19CC6900168CD1 /* AppDelegate.m in Sources */ = {isa = PBXBuildFile; fileRef = 26FF61FF1A19CC6900168CD1 /* AppDelegate.m */; };
		26FF62031A19CC6900168CD1 /* ViewController.m in Sources */ = {isa = PBXBuildFile; fileRef = 26FF62021A19CC6900168CD1 /* ViewController.m */; };
		26FF62061A19CC6900168CD1 /* Main.storyboard in Resources */ = {isa = PBXBuildFile; fileRef = 26FF62041A19CC6900168CD1 /* Main.storyboard */; };
		26FF62081A19CC6900168CD1 /* Images.xcassets in Resources */ = {isa = PBXBuildFile; fileRef = 26FF62071A19CC6900168CD1 /* Images.xcassets */; };
		26FF620B1A19CC6900168CD1 /* LaunchScreen.xib in Resources */ = {isa = PBXBuildFile; fileRef = 26FF62091A19CC6900168CD1 /* LaunchScreen.xib */; };
		26FF62171A19CC6900168CD1 /* __1UIDatePickerTests.m in Sources */ = {isa = PBXBuildFile; fileRef = 26FF62161A19CC6900168CD1 /* __1UIDatePickerTests.m */; };
/* End PBXBuildFile section */

/* Begin PBXContainerItemProxy section */
		26FF62111A19CC6900168CD1 /* PBXContainerItemProxy */ = {
			isa = PBXContainerItemProxy;
			containerPortal = 26FF61EF1A19CC6900168CD1 /* Project object */;
			proxyType = 1;
			remoteGlobalIDString = 26FF61F61A19CC6900168CD1;
			remoteInfo = 2.1UIDatePicker;
		};
/* End PBXContainerItemProxy section */

/* Begin PBXFileReference section */
		263718BD1A1AE3F90097D5BE /* bathdayViewController.h */ = {isa = PBXFileReference; fileEncoding = 4; lastKnownFileType = sourcecode.c.h; path = bathdayViewController.h; sourceTree = "<group>"; };
		263718BE1A1AE3F90097D5BE /* bathdayViewController.m */ = {isa = PBXFileReference; fileEncoding = 4; lastKnownFileType = sourcecode.c.objc; path = bathdayViewController.m; sourceTree = "<group>"; };
		26FF61F71A19CC6900168CD1 /* 2.1UIDatePicker.app */ = {isa = PBXFileReference; explicitFileType = wrapper.application; includeInIndex = 0; path = 2.1UIDatePicker.app; sourceTree = BUILT_PRODUCTS_DIR; };
		26FF61FB1A19CC6900168CD1 /* Info.plist */ = {isa = PBXFileReference; lastKnownFileType = text.plist.xml; path = Info.plist; sourceTree = "<group>"; };
		26FF61FC1A19CC6900168CD1 /* main.m */ = {isa = PBXFileReference; lastKnownFileType = sourcecode.c.objc; path = main.m; sourceTree = "<group>"; };
		26FF61FE1A19CC6900168CD1 /* AppDelegate.h */ = {isa = PBXFileReference; lastKnownFileType = sourcecode.c.h; path = AppDelegate.h; sourceTree = "<group>"; };
		26FF61FF1A19CC6900168CD1 /* AppDelegate.m */ = {isa = PBXFileReference; lastKnownFileType = sourcecode.c.objc; path = AppDelegate.m; sourceTree = "<group>"; };
		26FF62011A19CC6900168CD1 /* ViewController.h */ = {isa = PBXFileReference; lastKnownFileType = sourcecode.c.h; path = ViewController.h; sourceTree = "<group>"; };
		26FF62021A19CC6900168CD1 /* ViewController.m */ = {isa = PBXFileReference; lastKnownFileType = sourcecode.c.objc; path = ViewController.m; sourceTree = "<group>"; };
		26FF62051A19CC6900168CD1 /* Base */ = {isa = PBXFileReference; lastKnownFileType = file.storyboard; name = Base; path = Base.lproj/Main.storyboard; sourceTree = "<group>"; };
		26FF62071A19CC6900168CD1 /* Images.xcassets */ = {isa = PBXFileReference; lastKnownFileType = folder.assetcatalog; path = Images.xcassets; sourceTree = "<group>"; };
		26FF620A1A19CC6900168CD1 /* Base */ = {isa = PBXFileReference; lastKnownFileType = file.xib; name = Base; path = Base.lproj/LaunchScreen.xib; sourceTree = "<group>"; };
		26FF62101A19CC6900168CD1 /* 2.1UIDatePickerTests.xctest */ = {isa = PBXFileReference; explicitFileType = wrapper.cfbundle; includeInIndex = 0; path = 2.1UIDatePickerTests.xctest; sourceTree = BUILT_PRODUCTS_DIR; };
		26FF62151A19CC6900168CD1 /* Info.plist */ = {isa = PBXFileReference; lastKnownFileType = text.plist.xml; path = Info.plist; sourceTree = "<group>"; };
		26FF62161A19CC6900168CD1 /* __1UIDatePickerTests.m */ = {isa = PBXFileReference; lastKnownFileType = sourcecode.c.objc; path = __1UIDatePickerTests.m; sourceTree = "<group>"; };
/* End PBXFileReference section */

/* Begin PBXFrameworksBuildPhase section */
		26FF61F41A19CC6900168CD1 /* Frameworks */ = {
			isa = PBXFrameworksBuildPhase;
			buildActionMask = 2147483647;
			files = (
			);
			runOnlyForDeploymentPostprocessing = 0;
		};
		26FF620D1A19CC6900168CD1 /* Frameworks */ = {
			isa = PBXFrameworksBuildPhase;
			buildActionMask = 2147483647;
			files = (
			);
			runOnlyForDeploymentPostprocessing = 0;
		};
/* End PBXFrameworksBuildPhase section */

/* Begin PBXGroup section */
		26FF61EE1A19CC6900168CD1 = {
			isa = PBXGroup;
			children = (
				26FF61F91A19CC6900168CD1 /* 2.1UIDatePicker */,
				26FF62131A19CC6900168CD1 /* 2.1UIDatePickerTests */,
				26FF61F81A19CC6900168CD1 /* Products */,
			);
			sourceTree = "<group>";
		};
		26FF61F81A19CC6900168CD1 /* Products */ = {
			isa = PBXGroup;
			children = (
				26FF61F71A19CC6900168CD1 /* 2.1UIDatePicker.app */,
				26FF62101A19CC6900168CD1 /* 2.1UIDatePickerTests.xctest */,
			);
			name = Products;
			sourceTree = "<group>";
		};
		26FF61F91A19CC6900168CD1 /* 2.1UIDatePicker */ = {
			isa = PBXGroup;
			children = (
				26FF61FE1A19CC6900168CD1 /* AppDelegate.h */,
				26FF61FF1A19CC6900168CD1 /* AppDelegate.m */,
				26FF62011A19CC6900168CD1 /* ViewController.h */,
				26FF62021A19CC6900168CD1 /* ViewController.m */,
				26FF62041A19CC6900168CD1 /* Main.storyboard */,
				263718BD1A1AE3F90097D5BE /* bathdayViewController.h */,
				263718BE1A1AE3F90097D5BE /* bathdayViewController.m */,
				26FF62071A19CC6900168CD1 /* Images.xcassets */,
				26FF62091A19CC6900168CD1 /* LaunchScreen.xib */,
				26FF61FA1A19CC6900168CD1 /* Supporting Files */,
			);
			path = 2.1UIDatePicker;
			sourceTree = "<group>";
		};
		26FF61FA1A19CC6900168CD1 /* Supporting Files */ = {
			isa = PBXGroup;
			children = (
				26FF61FB1A19CC6900168CD1 /* Info.plist */,
				26FF61FC1A19CC6900168CD1 /* main.m */,
			);
			name = "Supporting Files";
			sourceTree = "<group>";
		};
		26FF62131A19CC6900168CD1 /* 2.1UIDatePickerTests */ = {
			isa = PBXGroup;
			children = (
				26FF62161A19CC6900168CD1 /* __1UIDatePickerTests.m */,
				26FF62141A19CC6900168CD1 /* Supporting Files */,
			);
			path = 2.1UIDatePickerTests;
			sourceTree = "<group>";
		};
		26FF62141A19CC6900168CD1 /* Supporting Files */ = {
			isa = PBXGroup;
			children = (
				26FF62151A19CC6900168CD1 /* Info.plist */,
			);
			name = "Supporting Files";
			sourceTree = "<group>";
		};
/* End PBXGroup section */

/* Begin PBXNativeTarget section */
		26FF61F61A19CC6900168CD1 /* 2.1UIDatePicker */ = {
			isa = PBXNativeTarget;
			buildConfigurationList = 26FF621A1A19CC6900168CD1 /* Build configuration list for PBXNativeTarget "2.1UIDatePicker" */;
			buildPhases = (
				26FF61F31A19CC6900168CD1 /* Sources */,
				26FF61F41A19CC6900168CD1 /* Frameworks */,
				26FF61F51A19CC6900168CD1 /* Resources */,
			);
			buildRules = (
			);
			dependencies = (
			);
			name = 2.1UIDatePicker;
			productName = 2.1UIDatePicker;
			productReference = 26FF61F71A19CC6900168CD1 /* 2.1UIDatePicker.app */;
			productType = "com.apple.product-type.application";
		};
		26FF620F1A19CC6900168CD1 /* 2.1UIDatePickerTests */ = {
			isa = PBXNativeTarget;
			buildConfigurationList = 26FF621D1A19CC6900168CD1 /* Build configuration list for PBXNativeTarget "2.1UIDatePickerTests" */;
			buildPhases = (
				26FF620C1A19CC6900168CD1 /* Sources */,
				26FF620D1A19CC6900168CD1 /* Frameworks */,
				26FF620E1A19CC6900168CD1 /* Resources */,
			);
			buildRules = (
			);
			dependencies = (
				26FF62121A19CC6900168CD1 /* PBXTargetDependency */,
			);
			name = 2.1UIDatePickerTests;
			productName = 2.1UIDatePickerTests;
			productReference = 26FF62101A19CC6900168CD1 /* 2.1UIDatePickerTests.xctest */;
			productType = "com.apple.product-type.bundle.unit-test";
		};
/* End PBXNativeTarget section */

/* Begin PBXProject section */
		26FF61EF1A19CC6900168CD1 /* Project object */ = {
			isa = PBXProject;
			attributes = {
				LastUpgradeCheck = 0610;
				ORGANIZATIONNAME = ShayneChow;
				TargetAttributes = {
					26FF61F61A19CC6900168CD1 = {
						CreatedOnToolsVersion = 6.1;
					};
					26FF620F1A19CC6900168CD1 = {
						CreatedOnToolsVersion = 6.1;
						TestTargetID = 26FF61F61A19CC6900168CD1;
					};
				};
			};
			buildConfigurationList = 26FF61F21A19CC6900168CD1 /* Build configuration list for PBXProject "2.1UIDatePicker" */;
			compatibilityVersion = "Xcode 3.2";
			developmentRegion = English;
			hasScannedForEncodings = 0;
			knownRegions = (
				en,
				Base,
			);
			mainGroup = 26FF61EE1A19CC6900168CD1;
			productRefGroup = 26FF61F81A19CC6900168CD1 /* Products */;
			projectDirPath = "";
			projectRoot = "";
			targets = (
				26FF61F61A19CC6900168CD1 /* 2.1UIDatePicker */,
				26FF620F1A19CC6900168CD1 /* 2.1UIDatePickerTests */,
			);
		};
/* End PBXProject section */

/* Begin PBXResourcesBuildPhase section */
		26FF61F51A19CC6900168CD1 /* Resources */ = {
			isa = PBXResourcesBuildPhase;
			buildActionMask = 2147483647;
			files = (
				26FF62061A19CC6900168CD1 /* Main.storyboard in Resources */,
				26FF620B1A19CC6900168CD1 /* LaunchScreen.xib in Resources */,
				26FF62081A19CC6900168CD1 /* Images.xcassets in Resources */,
			);
			runOnlyForDeploymentPostprocessing = 0;
		};
		26FF620E1A19CC6900168CD1 /* Resources */ = {
			isa = PBXResourcesBuildPhase;
			buildActionMask = 2147483647;
			files = (
			);
			runOnlyForDeploymentPostprocessing = 0;
		};
/* End PBXResourcesBuildPhase section */

/* Begin PBXSourcesBuildPhase section */
		26FF61F31A19CC6900168CD1 /* Sources */ = {
			isa = PBXSourcesBuildPhase;
			buildActionMask = 2147483647;
			files = (
				26FF62031A19CC6900168CD1 /* ViewController.m in Sources */,
				26FF62001A19CC6900168CD1 /* AppDelegate.m in Sources */,
				263718BF1A1AE3F90097D5BE /* bathdayViewController.m in Sources */,
				26FF61FD1A19CC6900168CD1 /* main.m in Sources */,
			);
			runOnlyForDeploymentPostprocessing = 0;
		};
		26FF620C1A19CC6900168CD1 /* Sources */ = {
			isa = PBXSourcesBuildPhase;
			buildActionMask = 2147483647;
			files = (
				26FF62171A19CC6900168CD1 /* __1UIDatePickerTests.m in Sources */,
			);
			runOnlyForDeploymentPostprocessing = 0;
		};
/* End PBXSourcesBuildPhase section */

/* Begin PBXTargetDependency section */
		26FF62121A19CC6900168CD1 /* PBXTargetDependency */ = {
			isa = PBXTargetDependency;
			target = 26FF61F61A19CC6900168CD1 /* 2.1UIDatePicker */;
			targetProxy = 26FF62111A19CC6900168CD1 /* PBXContainerItemProxy */;
		};
/* End PBXTargetDependency section */

/* Begin PBXVariantGroup section */
		26FF62041A19CC6900168CD1 /* Main.storyboard */ = {
			isa = PBXVariantGroup;
			children = (
				26FF62051A19CC6900168CD1 /* Base */,
			);
			name = Main.storyboard;
			sourceTree = "<group>";
		};
		26FF62091A19CC6900168CD1 /* LaunchScreen.xib */ = {
			isa = PBXVariantGroup;
			children = (
				26FF620A1A19CC6900168CD1 /* Base */,
			);
			name = LaunchScreen.xib;
			sourceTree = "<group>";
		};
/* End PBXVariantGroup section */

/* Begin XCBuildConfiguration section */
		26FF62181A19CC6900168CD1 /* Debug */ = {
			isa = XCBuildConfiguration;
			buildSettings = {
				ALWAYS_SEARCH_USER_PATHS = NO;
				CLANG_CXX_LANGUAGE_STANDARD = "gnu++0x";
				CLANG_CXX_LIBRARY = "libc++";
				CLANG_ENABLE_MODULES = YES;
				CLANG_ENABLE_OBJC_ARC = YES;
				CLANG_WARN_BOOL_CONVERSION = YES;
				CLANG_WARN_CONSTANT_CONVERSION = YES;
				CLANG_WARN_DIRECT_OBJC_ISA_USAGE = YES_ERROR;
				CLANG_WARN_EMPTY_BODY = YES;
				CLANG_WARN_ENUM_CONVERSION = YES;
				CLANG_WARN_INT_CONVERSION = YES;
				CLANG_WARN_OBJC_ROOT_CLASS = YES_ERROR;
				CLANG_WARN_UNREACHABLE_CODE = YES;
				CLANG_WARN__DUPLICATE_METHOD_MATCH = YES;
				"CODE_SIGN_IDENTITY[sdk=iphoneos*]" = "iPhone Developer";
				COPY_PHASE_STRIP = NO;
				ENABLE_STRICT_OBJC_MSGSEND = YES;
				GCC_C_LANGUAGE_STANDARD = gnu99;
				GCC_DYNAMIC_NO_PIC = NO;
				GCC_OPTIMIZATION_LEVEL = 0;
				GCC_PREPROCESSOR_DEFINITIONS = (
					"DEBUG=1",
					"$(inherited)",
				);
				GCC_SYMBOLS_PRIVATE_EXTERN = NO;
				GCC_WARN_64_TO_32_BIT_CONVERSION = YES;
				GCC_WARN_ABOUT_RETURN_TYPE = YES_ERROR;
				GCC_WARN_UNDECLARED_SELECTOR = YES;
				GCC_WARN_UNINITIALIZED_AUTOS = YES_AGGRESSIVE;
				GCC_WARN_UNUSED_FUNCTION = YES;
				GCC_WARN_UNUSED_VARIABLE = YES;
				IPHONEOS_DEPLOYMENT_TARGET = 8.1;
				MTL_ENABLE_DEBUG_INFO = YES;
				ONLY_ACTIVE_ARCH = YES;
				SDKROOT = iphoneos;
			};
			name = Debug;
		};
		26FF62191A19CC6900168CD1 /* Release */ = {
			isa = XCBuildConfiguration;
			buildSettings = {
				ALWAYS_SEARCH_USER_PATHS = NO;
				CLANG_CXX_LANGUAGE_STANDARD = "gnu++0x";
				CLANG_CXX_LIBRARY = "libc++";
				CLANG_ENABLE_MODULES = YES;
				CLANG_ENABLE_OBJC_ARC = YES;
				CLANG_WARN_BOOL_CONVERSION = YES;
				CLANG_WARN_CONSTANT_CONVERSION = YES;
				CLANG_WARN_DIRECT_OBJC_ISA_USAGE = YES_ERROR;
				CLANG_WARN_EMPTY_BODY = YES;
				CLANG_WARN_ENUM_CONVERSION = YES;
				CLANG_WARN_INT_CONVERSION = YES;
				CLANG_WARN_OBJC_ROOT_CLASS = YES_ERROR;
				CLANG_WARN_UNREACHABLE_CODE = YES;
				CLANG_WARN__DUPLICATE_METHOD_MATCH = YES;
				"CODE_SIGN_IDENTITY[sdk=iphoneos*]" = "iPhone Developer";
				COPY_PHASE_STRIP = YES;
				ENABLE_NS_ASSERTIONS = NO;
				ENABLE_STRICT_OBJC_MSGSEND = YES;
				GCC_C_LANGUAGE_STANDARD = gnu99;
				GCC_WARN_64_TO_32_BIT_CONVERSION = YES;
				GCC_WARN_ABOUT_RETURN_TYPE = YES_ERROR;
				GCC_WARN_UNDECLARED_SELECTOR = YES;
				GCC_WARN_UNINITIALIZED_AUTOS = YES_AGGRESSIVE;
				GCC_WARN_UNUSED_FUNCTION = YES;
				GCC_WARN_UNUSED_VARIABLE = YES;
				IPHONEOS_DEPLOYMENT_TARGET = 8.1;
				MTL_ENABLE_DEBUG_INFO = NO;
				SDKROOT = iphoneos;
				VALIDATE_PRODUCT = YES;
			};
			name = Release;
		};
		26FF621B1A19CC6900168CD1 /* Debug */ = {
			isa = XCBuildConfiguration;
			buildSettings = {
				ASSETCATALOG_COMPILER_APPICON_NAME = AppIcon;
				INFOPLIST_FILE = 2.1UIDatePicker/Info.plist;
				LD_RUNPATH_SEARCH_PATHS = "$(inherited) @executable_path/Frameworks";
				PRODUCT_NAME = "$(TARGET_NAME)";
			};
			name = Debug;
		};
		26FF621C1A19CC6900168CD1 /* Release */ = {
			isa = XCBuildConfiguration;
			buildSettings = {
				ASSETCATALOG_COMPILER_APPICON_NAME = AppIcon;
				INFOPLIST_FILE = 2.1UIDatePicker/Info.plist;
				LD_RUNPATH_SEARCH_PATHS = "$(inherited) @executable_path/Frameworks";
				PRODUCT_NAME = "$(TARGET_NAME)";
			};
			name = Release;
		};
		26FF621E1A19CC6900168CD1 /* Debug */ = {
			isa = XCBuildConfiguration;
			buildSettings = {
				BUNDLE_LOADER = "$(TEST_HOST)";
				FRAMEWORK_SEARCH_PATHS = (
					"$(SDKROOT)/Developer/Library/Frameworks",
					"$(inherited)",
				);
				GCC_PREPROCESSOR_DEFINITIONS = (
					"DEBUG=1",
					"$(inherited)",
				);
				INFOPLIST_FILE = 2.1UIDatePickerTests/Info.plist;
				LD_RUNPATH_SEARCH_PATHS = "$(inherited) @executable_path/Frameworks @loader_path/Frameworks";
				PRODUCT_NAME = "$(TARGET_NAME)";
				TEST_HOST = "$(BUILT_PRODUCTS_DIR)/2.1UIDatePicker.app/2.1UIDatePicker";
			};
			name = Debug;
		};
		26FF621F1A19CC6900168CD1 /* Release */ = {
			isa = XCBuildConfiguration;
			buildSettings = {
				BUNDLE_LOADER = "$(TEST_HOST)";
				FRAMEWORK_SEARCH_PATHS = (
					"$(SDKROOT)/Developer/Library/Frameworks",
					"$(inherited)",
				);
				INFOPLIST_FILE = 2.1UIDatePickerTests/Info.plist;
				LD_RUNPATH_SEARCH_PATHS = "$(inherited) @executable_path/Frameworks @loader_path/Frameworks";
				PRODUCT_NAME = "$(TARGET_NAME)";
				TEST_HOST = "$(BUILT_PRODUCTS_DIR)/2.1UIDatePicker.app/2.1UIDatePicker";
			};
			name = Release;
		};
/* End XCBuildConfiguration section */

/* Begin XCConfigurationList section */
		26FF61F21A19CC6900168CD1 /* Build configuration list for PBXProject "2.1UIDatePicker" */ = {
			isa = XCConfigurationList;
			buildConfigurations = (
				26FF62181A19CC6900168CD1 /* Debug */,
				26FF62191A19CC6900168CD1 /* Release */,
			);
			defaultConfigurationIsVisible = 0;
			defaultConfigurationName = Release;
		};
		26FF621A1A19CC6900168CD1 /* Build configuration list for PBXNativeTarget "2.1UIDatePicker" */ = {
			isa = XCConfigurationList;
			buildConfigurations = (
				26FF621B1A19CC6900168CD1 /* Debug */,
				26FF621C1A19CC6900168CD1 /* Release */,
			);
			defaultConfigurationIsVisible = 0;
			defaultConfigurationName = Release;
		};
		26FF621D1A19CC6900168CD1 /* Build configuration list for PBXNativeTarget "2.1UIDatePickerTests" */ = {
			isa = XCConfigurationList;
			buildConfigurations = (
				26FF621E1A19CC6900168CD1 /* Debug */,
				26FF621F1A19CC6900168CD1 /* Release */,
			);
			defaultConfigurationIsVisible = 0;
			defaultConfigurationName = Release;
		};
/* End XCConfigurationList section */
	};
	rootObject = 26FF61EF1A19CC6900168CD1 /* Project object */;
}
